
Microsoft Visual Studio Solution File, Format Version 12.00
# Visual Studio Version 17
VisualStudioVersion = 17.7.34024.191
MinimumVisualStudioVersion = 10.0.40219.1
Project("{FAE04EC0-301F-11D3-BF4B-00C04F79EFBC}") = "Project TO DO LISTS", "Project TO DO LISTS.csproj", "{189EDFFC-34B2-4CF7-A972-C263E747EE54}"
EndProject
Global
	GlobalSection(SolutionConfigurationPlatforms) = preSolution
		Debug|Any CPU = Debug|Any CPU
		Release|Any CPU = Release|Any CPU
	EndGlobalSection
	GlobalSection(ProjectConfigurationPlatforms) = postSolution
		{189EDFFC-34B2-4CF7-A972-C263E747EE54}.Debug|Any CPU.ActiveCfg = Debug|Any CPU
		{189EDFFC-34B2-4CF7-A972-C263E747EE54}.Debug|Any CPU.Build.0 = Debug|Any CPU
		{189EDFFC-34B2-4CF7-A972-C263E747EE54}.Release|Any CPU.ActiveCfg = Release|Any CPU
		{189EDFFC-34B2-4CF7-A972-C263E747EE54}.Release|Any CPU.Build.0 = Release|Any CPU
	EndGlobalSection
	GlobalSection(SolutionProperties) = preSolution
		HideSolutionNode = FALSE
	EndGlobalSection
	GlobalSection(ExtensibilityGlobals) = postSolution
		SolutionGuid = {E7B7DA0A-06FC-43DA-9600-3855D07C4F17}
	EndGlobalSection
EndGlobal
